github.com/clarkk/go-util v0.0.0-20250716135931-356d58058350 h1:807bac3d5p46IyIpUDfpqgReNWMdCPTJWjhIaguy++U=
github.com/clarkk/go-util v0.0.0-20250716135931-356d58058350/go.mod h1:XXwHHA8PFdAZuhDvn9YlnwZJ6m5CGddQuxBGnx+N2Dg=
github.com/go-errors/errors v1.5.1 h1:ZwEMSLRCapFLflTpT7NKaAc7ukJ8ZPEjzlxt8rPN8bk=
github.com/go-errors/errors v1.5.1/go.mod h1:sIVyrIiJhuEF+Pj9Ebtd6P/rEYROXFi3BopGUQ5a5Og=
github.com/go-json-experiment/json v0.0.0-20250714165856-be8212f5270d h1:+d6m5Bjvv0/RJct1VcOw2P5bvBOGjENmxORJYnSYDow=
github.com/go-json-experiment/json v0.0.0-20250714165856-be8212f5270d/go.mod h1:TiCD2a1pcmjd7YnhGH0f/zKNcCD06B029pHhzV23c2M=
golang.org/x/sys v0.34.0 h1:H5Y5sJ2L2JRdyv7ROF1he/lPdvFsd0mJHFw2ThKHxLA=
golang.org/x/sys v0.34.0/go.mod h1:BJP2sWEmIv4KK5OTEluFJCKSidICx8ciO85XgH3Ak8k=
