github.com/clarkk/go-util v0.0.0-20260216121919-5e2da4271dea h1:s4yQGCKXrpUoPGK5vN89HJqSwC8WkHuIjVelE+yjj4s=
github.com/clarkk/go-util v0.0.0-20260216121919-5e2da4271dea/go.mod h1:EFngcZEsyFQ5E75U0pYXDW/QifDp09nKthTJgBSAHPA=
github.com/go-errors/errors v1.5.1 h1:ZwEMSLRCapFLflTpT7NKaAc7ukJ8ZPEjzlxt8rPN8bk=
github.com/go-errors/errors v1.5.1/go.mod h1:sIVyrIiJhuEF+Pj9Ebtd6P/rEYROXFi3BopGUQ5a5Og=
golang.org/x/sys v0.41.0 h1:Ivj+2Cp/ylzLiEU89QhWblYnOE9zerudt9Ftecq2C6k=
golang.org/x/sys v0.41.0/go.mod h1:OgkHotnGiDImocRcuBABYBEXf8A9a87e/uXjp9XT3ks=
